
Microsoft Visual Studio Solution File, Format Version 12.00
# Visual Studio Version 17
VisualStudioVersion = 17.9.34622.214
MinimumVisualStudioVersion = 10.0.40219.1
Project("{9A19103F-16F7-4668-BE54-9A1E7A4F7556}") = "OpenWeatherSDK", "OpenWeatherSDK\OpenWeatherSDK.csproj", "{FB743F1A-9229-4F3B-9DB1-7E99D857E4DC}"
EndProject
Project("{FAE04EC0-301F-11D3-BF4B-00C04F79EFBC}") = "OpenWeatherExample", "OpenWeatherExample\OpenWeatherExample.csproj", "{2F05435F-7491-4C5B-8456-69AB17058678}"
EndProject
Project("{2150E333-8FDC-42A3-9474-1A3956D46DE8}") = "Solution Items", "Solution Items", "{AC993A4D-FB3B-4C23-AE98-6B0BE66E8FFC}"
	ProjectSection(SolutionItems) = preProject
		README.md = README.md
	EndProjectSection
EndProject
Project("{FAE04EC0-301F-11D3-BF4B-00C04F79EFBC}") = "OpenWeatherSDK.Tests", "OpenWeatherSDK.Tests\OpenWeatherSDK.Tests.csproj", "{22E34FEA-0D85-4D7F-84D3-B33F05D31CAD}"
EndProject
Global
	GlobalSection(SolutionConfigurationPlatforms) = preSolution
		Debug|Any CPU = Debug|Any CPU
		Release|Any CPU = Release|Any CPU
	EndGlobalSection
	GlobalSection(ProjectConfigurationPlatforms) = postSolution
		{FB743F1A-9229-4F3B-9DB1-7E99D857E4DC}.Debug|Any CPU.ActiveCfg = Debug|Any CPU
		{FB743F1A-9229-4F3B-9DB1-7E99D857E4DC}.Debug|Any CPU.Build.0 = Debug|Any CPU
		{FB743F1A-9229-4F3B-9DB1-7E99D857E4DC}.Release|Any CPU.ActiveCfg = Release|Any CPU
		{FB743F1A-9229-4F3B-9DB1-7E99D857E4DC}.Release|Any CPU.Build.0 = Release|Any CPU
		{2F05435F-7491-4C5B-8456-69AB17058678}.Debug|Any CPU.ActiveCfg = Debug|Any CPU
		{2F05435F-7491-4C5B-8456-69AB17058678}.Debug|Any CPU.Build.0 = Debug|Any CPU
		{2F05435F-7491-4C5B-8456-69AB17058678}.Release|Any CPU.ActiveCfg = Release|Any CPU
		{2F05435F-7491-4C5B-8456-69AB17058678}.Release|Any CPU.Build.0 = Release|Any CPU
		{22E34FEA-0D85-4D7F-84D3-B33F05D31CAD}.Debug|Any CPU.ActiveCfg = Debug|Any CPU
		{22E34FEA-0D85-4D7F-84D3-B33F05D31CAD}.Debug|Any CPU.Build.0 = Debug|Any CPU
		{22E34FEA-0D85-4D7F-84D3-B33F05D31CAD}.Release|Any CPU.ActiveCfg = Release|Any CPU
		{22E34FEA-0D85-4D7F-84D3-B33F05D31CAD}.Release|Any CPU.Build.0 = Release|Any CPU
	EndGlobalSection
	GlobalSection(SolutionProperties) = preSolution
		HideSolutionNode = FALSE
	EndGlobalSection
	GlobalSection(ExtensibilityGlobals) = postSolution
		SolutionGuid = {70D3EB84-1467-4171-89F8-8715F82C8A88}
	EndGlobalSection
EndGlobal
